
Microsoft Visual Studio Solution File, Format Version 12.00
# Visual Studio Version 17
VisualStudioVersion = 17.5.002.0
MinimumVisualStudioVersion = 10.0.40219.1
Project("{9A19103F-16F7-4668-BE54-9A1E7A4F7556}") = "Calculadora", "Calculadora\Calculadora.csproj", "{14C420D8-02A6-46DF-A78C-2C987B264456}"
EndProject
Project("{9A19103F-16F7-4668-BE54-9A1E7A4F7556}") = "CalculadoraTestes", "CalculadoraTestes\CalculadoraTestes.csproj", "{13BD4549-B3F4-4DEA-AD9E-46589066EFCD}"
EndProject
Global
	GlobalSection(SolutionConfigurationPlatforms) = preSolution
		Debug|Any CPU = Debug|Any CPU
		Release|Any CPU = Release|Any CPU
	EndGlobalSection
	GlobalSection(ProjectConfigurationPlatforms) = postSolution
		{14C420D8-02A6-46DF-A78C-2C987B264456}.Debug|Any CPU.ActiveCfg = Debug|Any CPU
		{14C420D8-02A6-46DF-A78C-2C987B264456}.Debug|Any CPU.Build.0 = Debug|Any CPU
		{14C420D8-02A6-46DF-A78C-2C987B264456}.Release|Any CPU.ActiveCfg = Release|Any CPU
		{14C420D8-02A6-46DF-A78C-2C987B264456}.Release|Any CPU.Build.0 = Release|Any CPU
		{13BD4549-B3F4-4DEA-AD9E-46589066EFCD}.Debug|Any CPU.ActiveCfg = Debug|Any CPU
		{13BD4549-B3F4-4DEA-AD9E-46589066EFCD}.Debug|Any CPU.Build.0 = Debug|Any CPU
		{13BD4549-B3F4-4DEA-AD9E-46589066EFCD}.Release|Any CPU.ActiveCfg = Release|Any CPU
		{13BD4549-B3F4-4DEA-AD9E-46589066EFCD}.Release|Any CPU.Build.0 = Release|Any CPU
	EndGlobalSection
	GlobalSection(SolutionProperties) = preSolution
		HideSolutionNode = FALSE
	EndGlobalSection
	GlobalSection(ExtensibilityGlobals) = postSolution
		SolutionGuid = {2BCFDC8E-BE83-4150-B507-6D9D197FBEEC}
	EndGlobalSection
EndGlobal
